
Microsoft Visual Studio Solution File, Format Version 12.00
# Visual Studio Version 17
VisualStudioVersion = 17.11.35327.3
MinimumVisualStudioVersion = 10.0.40219.1
Project("{FAE04EC0-301F-11D3-BF4B-00C04F79EFBC}") = "lab1_lines", "lab1_lines\lab1_lines.csproj", "{22352547-7B6D-4F31-A630-2ED60A022EEC}"
EndProject
Global
	GlobalSection(SolutionConfigurationPlatforms) = preSolution
		Debug|Any CPU = Debug|Any CPU
		Release|Any CPU = Release|Any CPU
	EndGlobalSection
	GlobalSection(ProjectConfigurationPlatforms) = postSolution
		{22352547-7B6D-4F31-A630-2ED60A022EEC}.Debug|Any CPU.ActiveCfg = Debug|Any CPU
		{22352547-7B6D-4F31-A630-2ED60A022EEC}.Debug|Any CPU.Build.0 = Debug|Any CPU
		{22352547-7B6D-4F31-A630-2ED60A022EEC}.Release|Any CPU.ActiveCfg = Release|Any CPU
		{22352547-7B6D-4F31-A630-2ED60A022EEC}.Release|Any CPU.Build.0 = Release|Any CPU
	EndGlobalSection
	GlobalSection(SolutionProperties) = preSolution
		HideSolutionNode = FALSE
	EndGlobalSection
	GlobalSection(ExtensibilityGlobals) = postSolution
		SolutionGuid = {3D7AA362-8B57-406B-8E41-4B647859610B}
	EndGlobalSection
EndGlobal
